
Microsoft Visual Studio Solution File, Format Version 12.00
# Visual Studio Version 16
VisualStudioVersion = 16.0.29613.14
MinimumVisualStudioVersion = 10.0.40219.1
Project("{8BC9CEB8-8B4A-11D0-8D11-00A0C91BC942}") = "sort", "sort.vcxproj", "{FBF3DDAE-D45D-4062-8910-AB3DD9313A10}"
EndProject
Project("{8BC9CEB8-8B4A-11D0-8D11-00A0C91BC942}") = "sortTest", "..\sortTest\sortTest.vcxproj", "{4D8F5C29-671E-487D-A041-4FEA4A57523A}"
EndProject
Global
	GlobalSection(SolutionConfigurationPlatforms) = preSolution
		Debug|x64 = Debug|x64
		Debug|x86 = Debug|x86
		Release|x64 = Release|x64
		Release|x86 = Release|x86
	EndGlobalSection
	GlobalSection(ProjectConfigurationPlatforms) = postSolution
		{FBF3DDAE-D45D-4062-8910-AB3DD9313A10}.Debug|x64.ActiveCfg = Debug|x64
		{FBF3DDAE-D45D-4062-8910-AB3DD9313A10}.Debug|x64.Build.0 = Debug|x64
		{FBF3DDAE-D45D-4062-8910-AB3DD9313A10}.Debug|x86.ActiveCfg = Debug|Win32
		{FBF3DDAE-D45D-4062-8910-AB3DD9313A10}.Debug|x86.Build.0 = Debug|Win32
		{FBF3DDAE-D45D-4062-8910-AB3DD9313A10}.Release|x64.ActiveCfg = Release|x64
		{FBF3DDAE-D45D-4062-8910-AB3DD9313A10}.Release|x64.Build.0 = Release|x64
		{FBF3DDAE-D45D-4062-8910-AB3DD9313A10}.Release|x86.ActiveCfg = Release|Win32
		{FBF3DDAE-D45D-4062-8910-AB3DD9313A10}.Release|x86.Build.0 = Release|Win32
		{4D8F5C29-671E-487D-A041-4FEA4A57523A}.Debug|x64.ActiveCfg = Debug|x64
		{4D8F5C29-671E-487D-A041-4FEA4A57523A}.Debug|x64.Build.0 = Debug|x64
		{4D8F5C29-671E-487D-A041-4FEA4A57523A}.Debug|x86.ActiveCfg = Debug|Win32
		{4D8F5C29-671E-487D-A041-4FEA4A57523A}.Debug|x86.Build.0 = Debug|Win32
		{4D8F5C29-671E-487D-A041-4FEA4A57523A}.Release|x64.ActiveCfg = Release|x64
		{4D8F5C29-671E-487D-A041-4FEA4A57523A}.Release|x64.Build.0 = Release|x64
		{4D8F5C29-671E-487D-A041-4FEA4A57523A}.Release|x86.ActiveCfg = Release|Win32
		{4D8F5C29-671E-487D-A041-4FEA4A57523A}.Release|x86.Build.0 = Release|Win32
	EndGlobalSection
	GlobalSection(SolutionProperties) = preSolution
		HideSolutionNode = FALSE
	EndGlobalSection
	GlobalSection(ExtensibilityGlobals) = postSolution
		SolutionGuid = {EA3EA76E-E181-4BB2-9C9E-805C879B45A1}
	EndGlobalSection
EndGlobal
